
Microsoft Visual Studio Solution File, Format Version 12.00
# Visual Studio Version 16
VisualStudioVersion = 16.0.30907.101
MinimumVisualStudioVersion = 10.0.40219.1
Project("{FAE04EC0-301F-11D3-BF4B-00C04F79EFBC}") = "LotusINC", "LotusINC\LotusINC.csproj", "{8C717563-93C5-4D5B-85F2-164EE895A98B}"
EndProject
Global
	GlobalSection(SolutionConfigurationPlatforms) = preSolution
		Debug|Any CPU = Debug|Any CPU
		Release|Any CPU = Release|Any CPU
	EndGlobalSection
	GlobalSection(ProjectConfigurationPlatforms) = postSolution
		{8C717563-93C5-4D5B-85F2-164EE895A98B}.Debug|Any CPU.ActiveCfg = Debug|Any CPU
		{8C717563-93C5-4D5B-85F2-164EE895A98B}.Debug|Any CPU.Build.0 = Debug|Any CPU
		{8C717563-93C5-4D5B-85F2-164EE895A98B}.Release|Any CPU.ActiveCfg = Release|Any CPU
		{8C717563-93C5-4D5B-85F2-164EE895A98B}.Release|Any CPU.Build.0 = Release|Any CPU
	EndGlobalSection
	GlobalSection(SolutionProperties) = preSolution
		HideSolutionNode = FALSE
	EndGlobalSection
	GlobalSection(ExtensibilityGlobals) = postSolution
		SolutionGuid = {01C8B5E4-F07A-4DC5-A056-E6424C758432}
	EndGlobalSection
EndGlobal
